
Microsoft Visual Studio Solution File, Format Version 12.00
# Visual Studio Version 17
VisualStudioVersion = 17.5.002.0
MinimumVisualStudioVersion = 10.0.40219.1
Project("{9A19103F-16F7-4668-BE54-9A1E7A4F7556}") = "Test", "Test.csproj", "{C0655960-A9B1-43D5-A216-E71B83647E9D}"
EndProject
Global
	GlobalSection(SolutionConfigurationPlatforms) = preSolution
		Debug|Any CPU = Debug|Any CPU
		Release|Any CPU = Release|Any CPU
	EndGlobalSection
	GlobalSection(ProjectConfigurationPlatforms) = postSolution
		{C0655960-A9B1-43D5-A216-E71B83647E9D}.Debug|Any CPU.ActiveCfg = Debug|Any CPU
		{C0655960-A9B1-43D5-A216-E71B83647E9D}.Debug|Any CPU.Build.0 = Debug|Any CPU
		{C0655960-A9B1-43D5-A216-E71B83647E9D}.Release|Any CPU.ActiveCfg = Release|Any CPU
		{C0655960-A9B1-43D5-A216-E71B83647E9D}.Release|Any CPU.Build.0 = Release|Any CPU
	EndGlobalSection
	GlobalSection(SolutionProperties) = preSolution
		HideSolutionNode = FALSE
	EndGlobalSection
	GlobalSection(ExtensibilityGlobals) = postSolution
		SolutionGuid = {3DB67CF9-1900-4E1F-A352-AD76F12BAF4B}
	EndGlobalSection
EndGlobal
